
Microsoft Visual Studio Solution File, Format Version 12.00
# Visual Studio Version 16
VisualStudioVersion = 16.0.29215.179
MinimumVisualStudioVersion = 10.0.40219.1
Project("{FAE04EC0-301F-11D3-BF4B-00C04F79EFBC}") = "GettingRich", "GettingRich\GettingRich.csproj", "{915D51F5-2C1D-4668-81FD-500E5E8E0608}"
EndProject
Global
	GlobalSection(SolutionConfigurationPlatforms) = preSolution
		Debug|Any CPU = Debug|Any CPU
		Release|Any CPU = Release|Any CPU
	EndGlobalSection
	GlobalSection(ProjectConfigurationPlatforms) = postSolution
		{915D51F5-2C1D-4668-81FD-500E5E8E0608}.Debug|Any CPU.ActiveCfg = Debug|Any CPU
		{915D51F5-2C1D-4668-81FD-500E5E8E0608}.Debug|Any CPU.Build.0 = Debug|Any CPU
		{915D51F5-2C1D-4668-81FD-500E5E8E0608}.Release|Any CPU.ActiveCfg = Release|Any CPU
		{915D51F5-2C1D-4668-81FD-500E5E8E0608}.Release|Any CPU.Build.0 = Release|Any CPU
	EndGlobalSection
	GlobalSection(SolutionProperties) = preSolution
		HideSolutionNode = FALSE
	EndGlobalSection
	GlobalSection(ExtensibilityGlobals) = postSolution
		SolutionGuid = {382167A2-648C-4E36-83F8-4A7540A0A9D5}
	EndGlobalSection
EndGlobal
